github.com/graphql-go/graphql v0.7.9 h1:5Va/Rt4l5g3YjwDnid3vFfn43faaQBq7rMcIZ0VnV34=
github.com/graphql-go/graphql v0.7.9/go.mod h1:k6yrAYQaSP59DC5UVxbgxESlmVyojThKdORUqGDGmrI=
github.com/mattn/go-sqlite3 v1.13.0 h1:LnJI81JidiW9r7pS/hXe6cFeO5EXNq7KbfvoJLRI69c=
github.com/mattn/go-sqlite3 v2.0.3+incompatible h1:gXHsfypPkaMZrKbD5209QV9jbUTJKjyR5WD3HYQSd+U=
github.com/mattn/go-sqlite3 v2.0.3+incompatible/go.mod h1:FPy6KqzDD04eiIsT53CuJW3U88zkxoIYsOqkbpncsNc=
